// !$*UTF8*$!
{
	archiveVersion = 1;
	classes = {
	};
	objectVersion = 46;
	objects = {

/* Begin PBXBuildFile section */
		5A804BE21E35DA9800DA00D2 /* AppDelegate.swift in Sources */ = {isa = PBXBuildFile; fileRef = 5A804BE11E35DA9800DA00D2 /* AppDelegate.swift */; };
		5A804BE41E35DA9800DA00D2 /* ViewController.swift in Sources */ = {isa = PBXBuildFile; fileRef = 5A804BE31E35DA9800DA00D2 /* ViewController.swift */; };
		5A804BE71E35DA9800DA00D2 /* Main.storyboard in Resources */ = {isa = PBXBuildFile; fileRef = 5A804BE51E35DA9800DA00D2 /* Main.storyboard */; };
		5A804BE91E35DA9800DA00D2 /* Assets.xcassets in Resources */ = {isa = PBXBuildFile; fileRef = 5A804BE81E35DA9800DA00D2 /* Assets.xcassets */; };
		5A804BEC1E35DA9800DA00D2 /* LaunchScreen.storyboard in Resources */ = {isa = PBXBuildFile; fileRef = 5A804BEA1E35DA9800DA00D2 /* LaunchScreen.storyboard */; };
/* End PBXBuildFile section */

/* Begin PBXFileReference section */
		5A804BDE1E35DA9800DA00D2 /* View AnimationDemo.app */ = {isa = PBXFileReference; explicitFileType = wrapper.application; includeInIndex = 0; path = "View AnimationDemo.app"; sourceTree = BUILT_PRODUCTS_DIR; };
		5A804BE11E35DA9800DA00D2 /* AppDelegate.swift */ = {isa = PBXFileReference; lastKnownFileType = sourcecode.swift; path = AppDelegate.swift; sourceTree = "<group>"; };
		5A804BE31E35DA9800DA00D2 /* ViewController.swift */ = {isa = PBXFileReference; lastKnownFileType = sourcecode.swift; path = ViewController.swift; sourceTree = "<group>"; };
		5A804BE61E35DA9800DA00D2 /* Base */ = {isa = PBXFileReference; lastKnownFileType = file.storyboard; name = Base; path = Base.lproj/Main.storyboard; sourceTree = "<group>"; };
		5A804BE81E35DA9800DA00D2 /* Assets.xcassets */ = {isa = PBXFileReference; lastKnownFileType = folder.assetcatalog; path = Assets.xcassets; sourceTree = "<group>"; };
		5A804BEB1E35DA9800DA00D2 /* Base */ = {isa = PBXFileReference; lastKnownFileType = file.storyboard; name = Base; path = Base.lproj/LaunchScreen.storyboard; sourceTree = "<group>"; };
		5A804BED1E35DA9800DA00D2 /* Info.plist */ = {isa = PBXFileReference; lastKnownFileType = text.plist.xml; path = Info.plist; sourceTree = "<group>"; };
/* End PBXFileReference section */

/* Begin PBXFrameworksBuildPhase section */
		5A804BDB1E35DA9800DA00D2 /* Frameworks */ = {
			isa = PBXFrameworksBuildPhase;
			buildActionMask = 2147483647;
			files = (
			);
			runOnlyForDeploymentPostprocessing = 0;
		};
/* End PBXFrameworksBuildPhase section */

/* Begin PBXGroup section */
		5A804BD51E35DA9800DA00D2 = {
			isa = PBXGroup;
			children = (
				5A804BE01E35DA9800DA00D2 /* View AnimationDemo */,
				5A804BDF1E35DA9800DA00D2 /* Products */,
			);
			sourceTree = "<group>";
		};
		5A804BDF1E35DA9800DA00D2 /* Products */ = {
			isa = PBXGroup;
			children = (
				5A804BDE1E35DA9800DA00D2 /* View AnimationDemo.app */,
			);
			name = Products;
			sourceTree = "<group>";
		};
		5A804BE01E35DA9800DA00D2 /* View AnimationDemo */ = {
			isa = PBXGroup;
			children = (
				5A804BE11E35DA9800DA00D2 /* AppDelegate.swift */,
				5A804BE31E35DA9800DA00D2 /* ViewController.swift */,
				5A804BE51E35DA9800DA00D2 /* Main.storyboard */,
				5A804BE81E35DA9800DA00D2 /* Assets.xcassets */,
				5A804BEA1E35DA9800DA00D2 /* LaunchScreen.storyboard */,
				5A804BED1E35DA9800DA00D2 /* Info.plist */,
			);
			path = "View AnimationDemo";
			sourceTree = "<group>";
		};
/* End PBXGroup section */

/* Begin PBXNativeTarget section */
		5A804BDD1E35DA9800DA00D2 /* View AnimationDemo */ = {
			isa = PBXNativeTarget;
			buildConfigurationList = 5A804BF01E35DA9800DA00D2 /* Build configuration list for PBXNativeTarget "View AnimationDemo" */;
			buildPhases = (
				5A804BDA1E35DA9800DA00D2 /* Sources */,
				5A804BDB1E35DA9800DA00D2 /* Frameworks */,
				5A804BDC1E35DA9800DA00D2 /* Resources */,
			);
			buildRules = (
			);
			dependencies = (
			);
			name = "View AnimationDemo";
			productName = "View AnimationDemo";
			productReference = 5A804BDE1E35DA9800DA00D2 /* View AnimationDemo.app */;
			productType = "com.apple.product-type.application";
		};
/* End PBXNativeTarget section */

/* Begin PBXProject section */
		5A804BD61E35DA9800DA00D2 /* Project object */ = {
			isa = PBXProject;
			attributes = {
				LastSwiftUpdateCheck = 0820;
				LastUpgradeCheck = 0820;
				ORGANIZATIONNAME = "Jamie Rose Aguinaldo";
				TargetAttributes = {
					5A804BDD1E35DA9800DA00D2 = {
						CreatedOnToolsVersion = 8.2.1;
						ProvisioningStyle = Automatic;
					};
				};
			};
			buildConfigurationList = 5A804BD91E35DA9800DA00D2 /* Build configuration list for PBXProject "View AnimationDemo" */;
			compatibilityVersion = "Xcode 3.2";
			developmentRegion = English;
			hasScannedForEncodings = 0;
			knownRegions = (
				en,
				Base,
			);
			mainGroup = 5A804BD51E35DA9800DA00D2;
			productRefGroup = 5A804BDF1E35DA9800DA00D2 /* Products */;
			projectDirPath = "";
			projectRoot = "";
			targets = (
				5A804BDD1E35DA9800DA00D2 /* View AnimationDemo */,
			);
		};
/* End PBXProject section */

/* Begin PBXResourcesBuildPhase section */
		5A804BDC1E35DA9800DA00D2 /* Resources */ = {
			isa = PBXResourcesBuildPhase;
			buildActionMask = 2147483647;
			files = (
				5A804BEC1E35DA9800DA00D2 /* LaunchScreen.storyboard in Resources */,
				5A804BE91E35DA9800DA00D2 /* Assets.xcassets in Resources */,
				5A804BE71E35DA9800DA00D2 /* Main.storyboard in Resources */,
			);
			runOnlyForDeploymentPostprocessing = 0;
		};
/* End PBXResourcesBuildPhase section */

/* Begin PBXSourcesBuildPhase section */
		5A804BDA1E35DA9800DA00D2 /* Sources */ = {
			isa = PBXSourcesBuildPhase;
			buildActionMask = 2147483647;
			files = (
				5A804BE41E35DA9800DA00D2 /* ViewController.swift in Sources */,
				5A804BE21E35DA9800DA00D2 /* AppDelegate.swift in Sources */,
			);
			runOnlyForDeploymentPostprocessing = 0;
		};
/* End PBXSourcesBuildPhase section */

/* Begin PBXVariantGroup section */
		5A804BE51E35DA9800DA00D2 /* Main.storyboard */ = {
			isa = PBXVariantGroup;
			children = (
				5A804BE61E35DA9800DA00D2 /* Base */,
			);
			name = Main.storyboard;
			sourceTree = "<group>";
		};
		5A804BEA1E35DA9800DA00D2 /* LaunchScreen.storyboard */ = {
			isa = PBXVariantGroup;
			children = (
				5A804BEB1E35DA9800DA00D2 /* Base */,
			);
			name = LaunchScreen.storyboard;
			sourceTree = "<group>";
		};
/* End PBXVariantGroup section */

/* Begin XCBuildConfiguration section */
		5A804BEE1E35DA9800DA00D2 /* Debug */ = {
			isa = XCBuildConfiguration;
			buildSettings = {
				ALWAYS_SEARCH_USER_PATHS = NO;
				CLANG_ANALYZER_NONNULL = YES;
				CLANG_CXX_LANGUAGE_STANDARD = "gnu++0x";
				CLANG_CXX_LIBRARY = "libc++";
				CLANG_ENABLE_MODULES = YES;
				CLANG_ENABLE_OBJC_ARC = YES;
				CLANG_WARN_BOOL_CONVERSION = YES;
				CLANG_WARN_CONSTANT_CONVERSION = YES;
				CLANG_WARN_DIRECT_OBJC_ISA_USAGE = YES_ERROR;
				CLANG_WARN_DOCUMENTATION_COMMENTS = YES;
				CLANG_WARN_EMPTY_BODY = YES;
				CLANG_WARN_ENUM_CONVERSION = YES;
				CLANG_WARN_INFINITE_RECURSION = YES;
				CLANG_WARN_INT_CONVERSION = YES;
				CLANG_WARN_OBJC_ROOT_CLASS = YES_ERROR;
				CLANG_WARN_SUSPICIOUS_MOVE = YES;
				CLANG_WARN_UNREACHABLE_CODE = YES;
				CLANG_WARN__DUPLICATE_METHOD_MATCH = YES;
				"CODE_SIGN_IDENTITY[sdk=iphoneos*]" = "iPhone Developer";
				COPY_PHASE_STRIP = NO;
				DEBUG_INFORMATION_FORMAT = dwarf;
				ENABLE_STRICT_OBJC_MSGSEND = YES;
				ENABLE_TESTABILITY = YES;
				GCC_C_LANGUAGE_STANDARD = gnu99;
				GCC_DYNAMIC_NO_PIC = NO;
				GCC_NO_COMMON_BLOCKS = YES;
				GCC_OPTIMIZATION_LEVEL = 0;
				GCC_PREPROCESSOR_DEFINITIONS = (
					"DEBUG=1",
					"$(inherited)",
				);
				GCC_WARN_64_TO_32_BIT_CONVERSION = YES;
				GCC_WARN_ABOUT_RETURN_TYPE = YES_ERROR;
				GCC_WARN_UNDECLARED_SELECTOR = YES;
				GCC_WARN_UNINITIALIZED_AUTOS = YES_AGGRESSIVE;
				GCC_WARN_UNUSED_FUNCTION = YES;
				GCC_WARN_UNUSED_VARIABLE = YES;
				IPHONEOS_DEPLOYMENT_TARGET = 10.2;
				MTL_ENABLE_DEBUG_INFO = YES;
				ONLY_ACTIVE_ARCH = YES;
				SDKROOT = iphoneos;
				SWIFT_ACTIVE_COMPILATION_CONDITIONS = DEBUG;
				SWIFT_OPTIMIZATION_LEVEL = "-Onone";
				TARGETED_DEVICE_FAMILY = "1,2";
			};
			name = Debug;
		};
		5A804BEF1E35DA9800DA00D2 /* Release */ = {
			isa = XCBuildConfiguration;
			buildSettings = {
				ALWAYS_SEARCH_USER_PATHS = NO;
				CLANG_ANALYZER_NONNULL = YES;
				CLANG_CXX_LANGUAGE_STANDARD = "gnu++0x";
				CLANG_CXX_LIBRARY = "libc++";
				CLANG_ENABLE_MODULES = YES;
				CLANG_ENABLE_OBJC_ARC = YES;
				CLANG_WARN_BOOL_CONVERSION = YES;
				CLANG_WARN_CONSTANT_CONVERSION = YES;
				CLANG_WARN_DIRECT_OBJC_ISA_USAGE = YES_ERROR;
				CLANG_WARN_DOCUMENTATION_COMMENTS = YES;
				CLANG_WARN_EMPTY_BODY = YES;
				CLANG_WARN_ENUM_CONVERSION = YES;
				CLANG_WARN_INFINITE_RECURSION = YES;
				CLANG_WARN_INT_CONVERSION = YES;
				CLANG_WARN_OBJC_ROOT_CLASS = YES_ERROR;
				CLANG_WARN_SUSPICIOUS_MOVE = YES;
				CLANG_WARN_UNREACHABLE_CODE = YES;
				CLANG_WARN__DUPLICATE_METHOD_MATCH = YES;
				"CODE_SIGN_IDENTITY[sdk=iphoneos*]" = "iPhone Developer";
				COPY_PHASE_STRIP = NO;
				DEBUG_INFORMATION_FORMAT = "dwarf-with-dsym";
				ENABLE_NS_ASSERTIONS = NO;
				ENABLE_STRICT_OBJC_MSGSEND = YES;
				GCC_C_LANGUAGE_STANDARD = gnu99;
				GCC_NO_COMMON_BLOCKS = YES;
				GCC_WARN_64_TO_32_BIT_CONVERSION = YES;
				GCC_WARN_ABOUT_RETURN_TYPE = YES_ERROR;
				GCC_WARN_UNDECLARED_SELECTOR = YES;
				GCC_WARN_UNINITIALIZED_AUTOS = YES_AGGRESSIVE;
				GCC_WARN_UNUSED_FUNCTION = YES;
				GCC_WARN_UNUSED_VARIABLE = YES;
				IPHONEOS_DEPLOYMENT_TARGET = 10.2;
				MTL_ENABLE_DEBUG_INFO = NO;
				SDKROOT = iphoneos;
				SWIFT_OPTIMIZATION_LEVEL = "-Owholemodule";
				TARGETED_DEVICE_FAMILY = "1,2";
				VALIDATE_PRODUCT = YES;
			};
			name = Release;
		};
		5A804BF11E35DA9800DA00D2 /* Debug */ = {
			isa = XCBuildConfiguration;
			buildSettings = {
				ASSETCATALOG_COMPILER_APPICON_NAME = AppIcon;
				INFOPLIST_FILE = "View AnimationDemo/Info.plist";
				LD_RUNPATH_SEARCH_PATHS = "$(inherited) @executable_path/Frameworks";
				PRODUCT_BUNDLE_IDENTIFIER = "up.phinma.edu.ph.View-AnimationDemo";
				PRODUCT_NAME = "$(TARGET_NAME)";
				SWIFT_VERSION = 2.3;
			};
			name = Debug;
		};
		5A804BF21E35DA9800DA00D2 /* Release */ = {
			isa = XCBuildConfiguration;
			buildSettings = {
				ASSETCATALOG_COMPILER_APPICON_NAME = AppIcon;
				INFOPLIST_FILE = "View AnimationDemo/Info.plist";
				LD_RUNPATH_SEARCH_PATHS = "$(inherited) @executable_path/Frameworks";
				PRODUCT_BUNDLE_IDENTIFIER = "up.phinma.edu.ph.View-AnimationDemo";
				PRODUCT_NAME = "$(TARGET_NAME)";
				SWIFT_VERSION = 2.3;
			};
			name = Release;
		};
/* End XCBuildConfiguration section */

/* Begin XCConfigurationList section */
		5A804BD91E35DA9800DA00D2 /* Build configuration list for PBXProject "View AnimationDemo" */ = {
			isa = XCConfigurationList;
			buildConfigurations = (
				5A804BEE1E35DA9800DA00D2 /* Debug */,
				5A804BEF1E35DA9800DA00D2 /* Release */,
			);
			defaultConfigurationIsVisible = 0;
			defaultConfigurationName = Release;
		};
		5A804BF01E35DA9800DA00D2 /* Build configuration list for PBXNativeTarget "View AnimationDemo" */ = {
			isa = XCConfigurationList;
			buildConfigurations = (
				5A804BF11E35DA9800DA00D2 /* Debug */,
				5A804BF21E35DA9800DA00D2 /* Release */,
			);
			defaultConfigurationIsVisible = 0;
		};
/* End XCConfigurationList section */
	};
	rootObject = 5A804BD61E35DA9800DA00D2 /* Project object */;
}
